// !$*UTF8*$!
{
	archiveVersion = 1;
	classes = {
	};
	objectVersion = 55;
	objects = {

/* Begin PBXBuildFile section */
		9323E54A27E323D800D5EAE4 /* TabBarController.swift in Sources */ = {isa = PBXBuildFile; fileRef = 9323E54927E323D800D5EAE4 /* TabBarController.swift */; };
		9323E55027E32ACA00D5EAE4 /* HorizontalProductsViewController.swift in Sources */ = {isa = PBXBuildFile; fileRef = 9323E54F27E32ACA00D5EAE4 /* HorizontalProductsViewController.swift */; };
		9323E55727E3345800D5EAE4 /* CompactCollectionViewCell.swift in Sources */ = {isa = PBXBuildFile; fileRef = 9323E55527E3345800D5EAE4 /* CompactCollectionViewCell.swift */; };
		9323E55827E3345800D5EAE4 /* CompactCollectionViewCell.xib in Resources */ = {isa = PBXBuildFile; fileRef = 9323E55627E3345800D5EAE4 /* CompactCollectionViewCell.xib */; };
		9323E55B27E33B8A00D5EAE4 /* ExtendedCollectionViewCell.swift in Sources */ = {isa = PBXBuildFile; fileRef = 9323E55927E33B8A00D5EAE4 /* ExtendedCollectionViewCell.swift */; };
		9323E55C27E33B8A00D5EAE4 /* ExtendedCollectionViewCell.xib in Resources */ = {isa = PBXBuildFile; fileRef = 9323E55A27E33B8A00D5EAE4 /* ExtendedCollectionViewCell.xib */; };
		9346F02227E1F41B0073E7A3 /* ProductDetail.swift in Sources */ = {isa = PBXBuildFile; fileRef = 9346F02127E1F41B0073E7A3 /* ProductDetail.swift */; };
		9346F02627E227CA0073E7A3 /* SettingsViewController.swift in Sources */ = {isa = PBXBuildFile; fileRef = 9346F02527E227CA0073E7A3 /* SettingsViewController.swift */; };
		935A4EA627DF3B980037AA23 /* Constants.swift in Sources */ = {isa = PBXBuildFile; fileRef = 935A4EA527DF3B980037AA23 /* Constants.swift */; };
		935A4EA927DF59DD0037AA23 /* ProductsViewController.swift in Sources */ = {isa = PBXBuildFile; fileRef = 935A4EA727DF59DD0037AA23 /* ProductsViewController.swift */; };
		935A4EAC27DFAEC40037AA23 /* ProductDetailsViewController.swift in Sources */ = {isa = PBXBuildFile; fileRef = 935A4EAB27DFAEC40037AA23 /* ProductDetailsViewController.swift */; };
		935A4EAF27E08E1F0037AA23 /* ProductTableViewCell.swift in Sources */ = {isa = PBXBuildFile; fileRef = 935A4EAD27E08E1F0037AA23 /* ProductTableViewCell.swift */; };
		935A4EB027E08E1F0037AA23 /* ProductTableViewCell.xib in Resources */ = {isa = PBXBuildFile; fileRef = 935A4EAE27E08E1F0037AA23 /* ProductTableViewCell.xib */; };
		93E3E2E327DB7C550007B3B5 /* AppDelegate.swift in Sources */ = {isa = PBXBuildFile; fileRef = 93E3E2E227DB7C550007B3B5 /* AppDelegate.swift */; };
		93E3E2E527DB7C550007B3B5 /* SceneDelegate.swift in Sources */ = {isa = PBXBuildFile; fileRef = 93E3E2E427DB7C550007B3B5 /* SceneDelegate.swift */; };
		93E3E2EA27DB7C550007B3B5 /* Main.storyboard in Resources */ = {isa = PBXBuildFile; fileRef = 93E3E2E827DB7C550007B3B5 /* Main.storyboard */; };
		93E3E2EC27DB7C5F0007B3B5 /* Assets.xcassets in Resources */ = {isa = PBXBuildFile; fileRef = 93E3E2EB27DB7C5F0007B3B5 /* Assets.xcassets */; };
		93E3E2EF27DB7C5F0007B3B5 /* LaunchScreen.storyboard in Resources */ = {isa = PBXBuildFile; fileRef = 93E3E2ED27DB7C5F0007B3B5 /* LaunchScreen.storyboard */; };
		93E3E2FA27DB7D720007B3B5 /* LoginViewController.swift in Sources */ = {isa = PBXBuildFile; fileRef = 93E3E2F927DB7D720007B3B5 /* LoginViewController.swift */; };
		93E3E2FC27DB7D8B0007B3B5 /* RegisterViewController.swift in Sources */ = {isa = PBXBuildFile; fileRef = 93E3E2FB27DB7D8B0007B3B5 /* RegisterViewController.swift */; };
		93E3E30027DB7DA50007B3B5 /* Product.swift in Sources */ = {isa = PBXBuildFile; fileRef = 93E3E2FF27DB7DA50007B3B5 /* Product.swift */; };
/* End PBXBuildFile section */

/* Begin PBXFileReference section */
		9323E54927E323D800D5EAE4 /* TabBarController.swift */ = {isa = PBXFileReference; lastKnownFileType = sourcecode.swift; path = TabBarController.swift; sourceTree = "<group>"; };
		9323E54F27E32ACA00D5EAE4 /* HorizontalProductsViewController.swift */ = {isa = PBXFileReference; lastKnownFileType = sourcecode.swift; name = HorizontalProductsViewController.swift; path = InternProducts/HorizontalProductsViewController.swift; sourceTree = SOURCE_ROOT; };
		9323E55527E3345800D5EAE4 /* CompactCollectionViewCell.swift */ = {isa = PBXFileReference; lastKnownFileType = sourcecode.swift; path = CompactCollectionViewCell.swift; sourceTree = "<group>"; };
		9323E55627E3345800D5EAE4 /* CompactCollectionViewCell.xib */ = {isa = PBXFileReference; lastKnownFileType = file.xib; path = CompactCollectionViewCell.xib; sourceTree = "<group>"; };
		9323E55927E33B8A00D5EAE4 /* ExtendedCollectionViewCell.swift */ = {isa = PBXFileReference; lastKnownFileType = sourcecode.swift; path = ExtendedCollectionViewCell.swift; sourceTree = "<group>"; };
		9323E55A27E33B8A00D5EAE4 /* ExtendedCollectionViewCell.xib */ = {isa = PBXFileReference; lastKnownFileType = file.xib; path = ExtendedCollectionViewCell.xib; sourceTree = "<group>"; };
		9346F02127E1F41B0073E7A3 /* ProductDetail.swift */ = {isa = PBXFileReference; lastKnownFileType = sourcecode.swift; path = ProductDetail.swift; sourceTree = "<group>"; };
		9346F02527E227CA0073E7A3 /* SettingsViewController.swift */ = {isa = PBXFileReference; lastKnownFileType = sourcecode.swift; name = SettingsViewController.swift; path = InternProducts/SettingsViewController.swift; sourceTree = SOURCE_ROOT; };
		935A4EA527DF3B980037AA23 /* Constants.swift */ = {isa = PBXFileReference; lastKnownFileType = sourcecode.swift; path = Constants.swift; sourceTree = "<group>"; };
		935A4EA727DF59DD0037AA23 /* ProductsViewController.swift */ = {isa = PBXFileReference; lastKnownFileType = sourcecode.swift; path = ProductsViewController.swift; sourceTree = "<group>"; };
		935A4EAB27DFAEC40037AA23 /* ProductDetailsViewController.swift */ = {isa = PBXFileReference; lastKnownFileType = sourcecode.swift; path = ProductDetailsViewController.swift; sourceTree = "<group>"; };
		935A4EAD27E08E1F0037AA23 /* ProductTableViewCell.swift */ = {isa = PBXFileReference; lastKnownFileType = sourcecode.swift; path = ProductTableViewCell.swift; sourceTree = "<group>"; };
		935A4EAE27E08E1F0037AA23 /* ProductTableViewCell.xib */ = {isa = PBXFileReference; lastKnownFileType = file.xib; path = ProductTableViewCell.xib; sourceTree = "<group>"; };
		93E3E2DF27DB7C550007B3B5 /* InternProducts.app */ = {isa = PBXFileReference; explicitFileType = wrapper.application; includeInIndex = 0; path = InternProducts.app; sourceTree = BUILT_PRODUCTS_DIR; };
		93E3E2E227DB7C550007B3B5 /* AppDelegate.swift */ = {isa = PBXFileReference; lastKnownFileType = sourcecode.swift; path = AppDelegate.swift; sourceTree = "<group>"; };
		93E3E2E427DB7C550007B3B5 /* SceneDelegate.swift */ = {isa = PBXFileReference; lastKnownFileType = sourcecode.swift; path = SceneDelegate.swift; sourceTree = "<group>"; };
		93E3E2E927DB7C550007B3B5 /* Base */ = {isa = PBXFileReference; lastKnownFileType = file.storyboard; name = Base; path = Base.lproj/Main.storyboard; sourceTree = "<group>"; };
		93E3E2EB27DB7C5F0007B3B5 /* Assets.xcassets */ = {isa = PBXFileReference; lastKnownFileType = folder.assetcatalog; path = Assets.xcassets; sourceTree = "<group>"; };
		93E3E2EE27DB7C5F0007B3B5 /* Base */ = {isa = PBXFileReference; lastKnownFileType = file.storyboard; name = Base; path = Base.lproj/LaunchScreen.storyboard; sourceTree = "<group>"; };
		93E3E2F027DB7C5F0007B3B5 /* Info.plist */ = {isa = PBXFileReference; lastKnownFileType = text.plist.xml; path = Info.plist; sourceTree = "<group>"; };
		93E3E2F927DB7D720007B3B5 /* LoginViewController.swift */ = {isa = PBXFileReference; lastKnownFileType = sourcecode.swift; path = LoginViewController.swift; sourceTree = "<group>"; };
		93E3E2FB27DB7D8B0007B3B5 /* RegisterViewController.swift */ = {isa = PBXFileReference; lastKnownFileType = sourcecode.swift; path = RegisterViewController.swift; sourceTree = "<group>"; };
		93E3E2FF27DB7DA50007B3B5 /* Product.swift */ = {isa = PBXFileReference; lastKnownFileType = sourcecode.swift; path = Product.swift; sourceTree = "<group>"; };
/* End PBXFileReference section */

/* Begin PBXFrameworksBuildPhase section */
		93E3E2DC27DB7C550007B3B5 /* Frameworks */ = {
			isa = PBXFrameworksBuildPhase;
			buildActionMask = 2147483647;
			files = (
			);
			runOnlyForDeploymentPostprocessing = 0;
		};
/* End PBXFrameworksBuildPhase section */

/* Begin PBXGroup section */
		9346F02327E1F4630073E7A3 /* Authentication ViewControllers */ = {
			isa = PBXGroup;
			children = (
				93E3E2FB27DB7D8B0007B3B5 /* RegisterViewController.swift */,
				93E3E2F927DB7D720007B3B5 /* LoginViewController.swift */,
			);
			path = "Authentication ViewControllers";
			sourceTree = "<group>";
		};
		9346F02427E1F48C0073E7A3 /* Products ViewControllers */ = {
			isa = PBXGroup;
			children = (
				9323E54F27E32ACA00D5EAE4 /* HorizontalProductsViewController.swift */,
				9323E54927E323D800D5EAE4 /* TabBarController.swift */,
				9346F02527E227CA0073E7A3 /* SettingsViewController.swift */,
				935A4EA727DF59DD0037AA23 /* ProductsViewController.swift */,
				935A4EAB27DFAEC40037AA23 /* ProductDetailsViewController.swift */,
			);
			path = "Products ViewControllers";
			sourceTree = "<group>";
		};
		93E3E2D627DB7C550007B3B5 = {
			isa = PBXGroup;
			children = (
				93E3E2E127DB7C550007B3B5 /* InternProducts */,
				93E3E2E027DB7C550007B3B5 /* Products */,
			);
			sourceTree = "<group>";
		};
		93E3E2E027DB7C550007B3B5 /* Products */ = {
			isa = PBXGroup;
			children = (
				93E3E2DF27DB7C550007B3B5 /* InternProducts.app */,
			);
			name = Products;
			sourceTree = "<group>";
		};
		93E3E2E127DB7C550007B3B5 /* InternProducts */ = {
			isa = PBXGroup;
			children = (
				93E3E2F627DB7C6F0007B3B5 /* Supporting fIles */,
				935A4EA527DF3B980037AA23 /* Constants.swift */,
				93E3E30127DB7DAF0007B3B5 /* Models */,
				9346F02327E1F4630073E7A3 /* Authentication ViewControllers */,
				9346F02427E1F48C0073E7A3 /* Products ViewControllers */,
				935A4EAD27E08E1F0037AA23 /* ProductTableViewCell.swift */,
				935A4EAE27E08E1F0037AA23 /* ProductTableViewCell.xib */,
				9323E55527E3345800D5EAE4 /* CompactCollectionViewCell.swift */,
				9323E55627E3345800D5EAE4 /* CompactCollectionViewCell.xib */,
				9323E55927E33B8A00D5EAE4 /* ExtendedCollectionViewCell.swift */,
				9323E55A27E33B8A00D5EAE4 /* ExtendedCollectionViewCell.xib */,
				93E3E2E827DB7C550007B3B5 /* Main.storyboard */,
				93E3E2F027DB7C5F0007B3B5 /* Info.plist */,
			);
			path = InternProducts;
			sourceTree = "<group>";
		};
		93E3E2F627DB7C6F0007B3B5 /* Supporting fIles */ = {
			isa = PBXGroup;
			children = (
				93E3E2E227DB7C550007B3B5 /* AppDelegate.swift */,
				93E3E2E427DB7C550007B3B5 /* SceneDelegate.swift */,
				93E3E2EB27DB7C5F0007B3B5 /* Assets.xcassets */,
				93E3E2ED27DB7C5F0007B3B5 /* LaunchScreen.storyboard */,
			);
			path = "Supporting fIles";
			sourceTree = "<group>";
		};
		93E3E30127DB7DAF0007B3B5 /* Models */ = {
			isa = PBXGroup;
			children = (
				93E3E2FF27DB7DA50007B3B5 /* Product.swift */,
				9346F02127E1F41B0073E7A3 /* ProductDetail.swift */,
			);
			path = Models;
			sourceTree = "<group>";
		};
/* End PBXGroup section */

/* Begin PBXNativeTarget section */
		93E3E2DE27DB7C550007B3B5 /* InternProducts */ = {
			isa = PBXNativeTarget;
			buildConfigurationList = 93E3E2F327DB7C5F0007B3B5 /* Build configuration list for PBXNativeTarget "InternProducts" */;
			buildPhases = (
				93E3E2DB27DB7C550007B3B5 /* Sources */,
				93E3E2DC27DB7C550007B3B5 /* Frameworks */,
				93E3E2DD27DB7C550007B3B5 /* Resources */,
			);
			buildRules = (
			);
			dependencies = (
			);
			name = InternProducts;
			productName = InternProducts;
			productReference = 93E3E2DF27DB7C550007B3B5 /* InternProducts.app */;
			productType = "com.apple.product-type.application";
		};
/* End PBXNativeTarget section */

/* Begin PBXProject section */
		93E3E2D727DB7C550007B3B5 /* Project object */ = {
			isa = PBXProject;
			attributes = {
				BuildIndependentTargetsInParallel = 1;
				LastSwiftUpdateCheck = 1320;
				LastUpgradeCheck = 1320;
				TargetAttributes = {
					93E3E2DE27DB7C550007B3B5 = {
						CreatedOnToolsVersion = 13.2.1;
					};
				};
			};
			buildConfigurationList = 93E3E2DA27DB7C550007B3B5 /* Build configuration list for PBXProject "InternProducts" */;
			compatibilityVersion = "Xcode 13.0";
			developmentRegion = en;
			hasScannedForEncodings = 0;
			knownRegions = (
				en,
				Base,
			);
			mainGroup = 93E3E2D627DB7C550007B3B5;
			productRefGroup = 93E3E2E027DB7C550007B3B5 /* Products */;
			projectDirPath = "";
			projectRoot = "";
			targets = (
				93E3E2DE27DB7C550007B3B5 /* InternProducts */,
			);
		};
/* End PBXProject section */

/* Begin PBXResourcesBuildPhase section */
		93E3E2DD27DB7C550007B3B5 /* Resources */ = {
			isa = PBXResourcesBuildPhase;
			buildActionMask = 2147483647;
			files = (
				93E3E2EF27DB7C5F0007B3B5 /* LaunchScreen.storyboard in Resources */,
				9323E55827E3345800D5EAE4 /* CompactCollectionViewCell.xib in Resources */,
				935A4EB027E08E1F0037AA23 /* ProductTableViewCell.xib in Resources */,
				93E3E2EC27DB7C5F0007B3B5 /* Assets.xcassets in Resources */,
				93E3E2EA27DB7C550007B3B5 /* Main.storyboard in Resources */,
				9323E55C27E33B8A00D5EAE4 /* ExtendedCollectionViewCell.xib in Resources */,
			);
			runOnlyForDeploymentPostprocessing = 0;
		};
/* End PBXResourcesBuildPhase section */

/* Begin PBXSourcesBuildPhase section */
		93E3E2DB27DB7C550007B3B5 /* Sources */ = {
			isa = PBXSourcesBuildPhase;
			buildActionMask = 2147483647;
			files = (
				9323E55027E32ACA00D5EAE4 /* HorizontalProductsViewController.swift in Sources */,
				93E3E2FA27DB7D720007B3B5 /* LoginViewController.swift in Sources */,
				9323E55B27E33B8A00D5EAE4 /* ExtendedCollectionViewCell.swift in Sources */,
				93E3E2E327DB7C550007B3B5 /* AppDelegate.swift in Sources */,
				9346F02627E227CA0073E7A3 /* SettingsViewController.swift in Sources */,
				935A4EA927DF59DD0037AA23 /* ProductsViewController.swift in Sources */,
				9323E54A27E323D800D5EAE4 /* TabBarController.swift in Sources */,
				93E3E2E527DB7C550007B3B5 /* SceneDelegate.swift in Sources */,
				935A4EA627DF3B980037AA23 /* Constants.swift in Sources */,
				935A4EAC27DFAEC40037AA23 /* ProductDetailsViewController.swift in Sources */,
				935A4EAF27E08E1F0037AA23 /* ProductTableViewCell.swift in Sources */,
				9323E55727E3345800D5EAE4 /* CompactCollectionViewCell.swift in Sources */,
				93E3E2FC27DB7D8B0007B3B5 /* RegisterViewController.swift in Sources */,
				9346F02227E1F41B0073E7A3 /* ProductDetail.swift in Sources */,
				93E3E30027DB7DA50007B3B5 /* Product.swift in Sources */,
			);
			runOnlyForDeploymentPostprocessing = 0;
		};
/* End PBXSourcesBuildPhase section */

/* Begin PBXVariantGroup section */
		93E3E2E827DB7C550007B3B5 /* Main.storyboard */ = {
			isa = PBXVariantGroup;
			children = (
				93E3E2E927DB7C550007B3B5 /* Base */,
			);
			name = Main.storyboard;
			sourceTree = "<group>";
		};
		93E3E2ED27DB7C5F0007B3B5 /* LaunchScreen.storyboard */ = {
			isa = PBXVariantGroup;
			children = (
				93E3E2EE27DB7C5F0007B3B5 /* Base */,
			);
			name = LaunchScreen.storyboard;
			sourceTree = "<group>";
		};
/* End PBXVariantGroup section */

/* Begin XCBuildConfiguration section */
		93E3E2F127DB7C5F0007B3B5 /* Debug */ = {
			isa = XCBuildConfiguration;
			buildSettings = {
				ALWAYS_SEARCH_USER_PATHS = NO;
				CLANG_ANALYZER_NONNULL = YES;
				CLANG_ANALYZER_NUMBER_OBJECT_CONVERSION = YES_AGGRESSIVE;
				CLANG_CXX_LANGUAGE_STANDARD = "gnu++17";
				CLANG_CXX_LIBRARY = "libc++";
				CLANG_ENABLE_MODULES = YES;
				CLANG_ENABLE_OBJC_ARC = YES;
				CLANG_ENABLE_OBJC_WEAK = YES;
				CLANG_WARN_BLOCK_CAPTURE_AUTORELEASING = YES;
				CLANG_WARN_BOOL_CONVERSION = YES;
				CLANG_WARN_COMMA = YES;
				CLANG_WARN_CONSTANT_CONVERSION = YES;
				CLANG_WARN_DEPRECATED_OBJC_IMPLEMENTATIONS = YES;
				CLANG_WARN_DIRECT_OBJC_ISA_USAGE = YES_ERROR;
				CLANG_WARN_DOCUMENTATION_COMMENTS = YES;
				CLANG_WARN_EMPTY_BODY = YES;
				CLANG_WARN_ENUM_CONVERSION = YES;
				CLANG_WARN_INFINITE_RECURSION = YES;
				CLANG_WARN_INT_CONVERSION = YES;
				CLANG_WARN_NON_LITERAL_NULL_CONVERSION = YES;
				CLANG_WARN_OBJC_IMPLICIT_RETAIN_SELF = YES;
				CLANG_WARN_OBJC_LITERAL_CONVERSION = YES;
				CLANG_WARN_OBJC_ROOT_CLASS = YES_ERROR;
				CLANG_WARN_QUOTED_INCLUDE_IN_FRAMEWORK_HEADER = YES;
				CLANG_WARN_RANGE_LOOP_ANALYSIS = YES;
				CLANG_WARN_STRICT_PROTOTYPES = YES;
				CLANG_WARN_SUSPICIOUS_MOVE = YES;
				CLANG_WARN_UNGUARDED_AVAILABILITY = YES_AGGRESSIVE;
				CLANG_WARN_UNREACHABLE_CODE = YES;
				CLANG_WARN__DUPLICATE_METHOD_MATCH = YES;
				COPY_PHASE_STRIP = NO;
				DEBUG_INFORMATION_FORMAT = dwarf;
				ENABLE_STRICT_OBJC_MSGSEND = YES;
				ENABLE_TESTABILITY = YES;
				GCC_C_LANGUAGE_STANDARD = gnu11;
				GCC_DYNAMIC_NO_PIC = NO;
				GCC_NO_COMMON_BLOCKS = YES;
				GCC_OPTIMIZATION_LEVEL = 0;
				GCC_PREPROCESSOR_DEFINITIONS = (
					"DEBUG=1",
					"$(inherited)",
				);
				GCC_WARN_64_TO_32_BIT_CONVERSION = YES;
				GCC_WARN_ABOUT_RETURN_TYPE = YES_ERROR;
				GCC_WARN_UNDECLARED_SELECTOR = YES;
				GCC_WARN_UNINITIALIZED_AUTOS = YES_AGGRESSIVE;
				GCC_WARN_UNUSED_FUNCTION = YES;
				GCC_WARN_UNUSED_VARIABLE = YES;
				IPHONEOS_DEPLOYMENT_TARGET = 15.2;
				MTL_ENABLE_DEBUG_INFO = INCLUDE_SOURCE;
				MTL_FAST_MATH = YES;
				ONLY_ACTIVE_ARCH = YES;
				SDKROOT = iphoneos;
				SWIFT_ACTIVE_COMPILATION_CONDITIONS = DEBUG;
				SWIFT_OPTIMIZATION_LEVEL = "-Onone";
			};
			name = Debug;
		};
		93E3E2F227DB7C5F0007B3B5 /* Release */ = {
			isa = XCBuildConfiguration;
			buildSettings = {
				ALWAYS_SEARCH_USER_PATHS = NO;
				CLANG_ANALYZER_NONNULL = YES;
				CLANG_ANALYZER_NUMBER_OBJECT_CONVERSION = YES_AGGRESSIVE;
				CLANG_CXX_LANGUAGE_STANDARD = "gnu++17";
				CLANG_CXX_LIBRARY = "libc++";
				CLANG_ENABLE_MODULES = YES;
				CLANG_ENABLE_OBJC_ARC = YES;
				CLANG_ENABLE_OBJC_WEAK = YES;
				CLANG_WARN_BLOCK_CAPTURE_AUTORELEASING = YES;
				CLANG_WARN_BOOL_CONVERSION = YES;
				CLANG_WARN_COMMA = YES;
				CLANG_WARN_CONSTANT_CONVERSION = YES;
				CLANG_WARN_DEPRECATED_OBJC_IMPLEMENTATIONS = YES;
				CLANG_WARN_DIRECT_OBJC_ISA_USAGE = YES_ERROR;
				CLANG_WARN_DOCUMENTATION_COMMENTS = YES;
				CLANG_WARN_EMPTY_BODY = YES;
				CLANG_WARN_ENUM_CONVERSION = YES;
				CLANG_WARN_INFINITE_RECURSION = YES;
				CLANG_WARN_INT_CONVERSION = YES;
				CLANG_WARN_NON_LITERAL_NULL_CONVERSION = YES;
				CLANG_WARN_OBJC_IMPLICIT_RETAIN_SELF = YES;
				CLANG_WARN_OBJC_LITERAL_CONVERSION = YES;
				CLANG_WARN_OBJC_ROOT_CLASS = YES_ERROR;
				CLANG_WARN_QUOTED_INCLUDE_IN_FRAMEWORK_HEADER = YES;
				CLANG_WARN_RANGE_LOOP_ANALYSIS = YES;
				CLANG_WARN_STRICT_PROTOTYPES = YES;
				CLANG_WARN_SUSPICIOUS_MOVE = YES;
				CLANG_WARN_UNGUARDED_AVAILABILITY = YES_AGGRESSIVE;
				CLANG_WARN_UNREACHABLE_CODE = YES;
				CLANG_WARN__DUPLICATE_METHOD_MATCH = YES;
				COPY_PHASE_STRIP = NO;
				DEBUG_INFORMATION_FORMAT = "dwarf-with-dsym";
				ENABLE_NS_ASSERTIONS = NO;
				ENABLE_STRICT_OBJC_MSGSEND = YES;
				GCC_C_LANGUAGE_STANDARD = gnu11;
				GCC_NO_COMMON_BLOCKS = YES;
				GCC_WARN_64_TO_32_BIT_CONVERSION = YES;
				GCC_WARN_ABOUT_RETURN_TYPE = YES_ERROR;
				GCC_WARN_UNDECLARED_SELECTOR = YES;
				GCC_WARN_UNINITIALIZED_AUTOS = YES_AGGRESSIVE;
				GCC_WARN_UNUSED_FUNCTION = YES;
				GCC_WARN_UNUSED_VARIABLE = YES;
				IPHONEOS_DEPLOYMENT_TARGET = 15.2;
				MTL_ENABLE_DEBUG_INFO = NO;
				MTL_FAST_MATH = YES;
				SDKROOT = iphoneos;
				SWIFT_COMPILATION_MODE = wholemodule;
				SWIFT_OPTIMIZATION_LEVEL = "-O";
				VALIDATE_PRODUCT = YES;
			};
			name = Release;
		};
		93E3E2F427DB7C5F0007B3B5 /* Debug */ = {
			isa = XCBuildConfiguration;
			buildSettings = {
				ASSETCATALOG_COMPILER_APPICON_NAME = AppIcon;
				ASSETCATALOG_COMPILER_GLOBAL_ACCENT_COLOR_NAME = AccentColor;
				CODE_SIGN_STYLE = Automatic;
				CURRENT_PROJECT_VERSION = 1;
				DEVELOPMENT_TEAM = A2UR4FZVW6;
				GENERATE_INFOPLIST_FILE = YES;
				INFOPLIST_FILE = InternProducts/Info.plist;
				INFOPLIST_KEY_UIApplicationSupportsIndirectInputEvents = YES;
				INFOPLIST_KEY_UILaunchStoryboardName = LaunchScreen;
				INFOPLIST_KEY_UIMainStoryboardFile = Main;
				INFOPLIST_KEY_UISupportedInterfaceOrientations_iPad = "UIInterfaceOrientationPortrait UIInterfaceOrientationPortraitUpsideDown UIInterfaceOrientationLandscapeLeft UIInterfaceOrientationLandscapeRight";
				INFOPLIST_KEY_UISupportedInterfaceOrientations_iPhone = "UIInterfaceOrientationPortrait UIInterfaceOrientationLandscapeLeft UIInterfaceOrientationLandscapeRight";
				LD_RUNPATH_SEARCH_PATHS = (
					"$(inherited)",
					"@executable_path/Frameworks",
				);
				MARKETING_VERSION = 1.0;
				PRODUCT_BUNDLE_IDENTIFIER = endava.schoolofios.InternProducts;
				PRODUCT_NAME = "$(TARGET_NAME)";
				SWIFT_EMIT_LOC_STRINGS = YES;
				SWIFT_VERSION = 5.0;
				TARGETED_DEVICE_FAMILY = "1,2";
			};
			name = Debug;
		};
		93E3E2F527DB7C5F0007B3B5 /* Release */ = {
			isa = XCBuildConfiguration;
			buildSettings = {
				ASSETCATALOG_COMPILER_APPICON_NAME = AppIcon;
				ASSETCATALOG_COMPILER_GLOBAL_ACCENT_COLOR_NAME = AccentColor;
				CODE_SIGN_STYLE = Automatic;
				CURRENT_PROJECT_VERSION = 1;
				DEVELOPMENT_TEAM = A2UR4FZVW6;
				GENERATE_INFOPLIST_FILE = YES;
				INFOPLIST_FILE = InternProducts/Info.plist;
				INFOPLIST_KEY_UIApplicationSupportsIndirectInputEvents = YES;
				INFOPLIST_KEY_UILaunchStoryboardName = LaunchScreen;
				INFOPLIST_KEY_UIMainStoryboardFile = Main;
				INFOPLIST_KEY_UISupportedInterfaceOrientations_iPad = "UIInterfaceOrientationPortrait UIInterfaceOrientationPortraitUpsideDown UIInterfaceOrientationLandscapeLeft UIInterfaceOrientationLandscapeRight";
				INFOPLIST_KEY_UISupportedInterfaceOrientations_iPhone = "UIInterfaceOrientationPortrait UIInterfaceOrientationLandscapeLeft UIInterfaceOrientationLandscapeRight";
				LD_RUNPATH_SEARCH_PATHS = (
					"$(inherited)",
					"@executable_path/Frameworks",
				);
				MARKETING_VERSION = 1.0;
				PRODUCT_BUNDLE_IDENTIFIER = endava.schoolofios.InternProducts;
				PRODUCT_NAME = "$(TARGET_NAME)";
				SWIFT_EMIT_LOC_STRINGS = YES;
				SWIFT_VERSION = 5.0;
				TARGETED_DEVICE_FAMILY = "1,2";
			};
			name = Release;
		};
/* End XCBuildConfiguration section */

/* Begin XCConfigurationList section */
		93E3E2DA27DB7C550007B3B5 /* Build configuration list for PBXProject "InternProducts" */ = {
			isa = XCConfigurationList;
			buildConfigurations = (
				93E3E2F127DB7C5F0007B3B5 /* Debug */,
				93E3E2F227DB7C5F0007B3B5 /* Release */,
			);
			defaultConfigurationIsVisible = 0;
			defaultConfigurationName = Release;
		};
		93E3E2F327DB7C5F0007B3B5 /* Build configuration list for PBXNativeTarget "InternProducts" */ = {
			isa = XCConfigurationList;
			buildConfigurations = (
				93E3E2F427DB7C5F0007B3B5 /* Debug */,
				93E3E2F527DB7C5F0007B3B5 /* Release */,
			);
			defaultConfigurationIsVisible = 0;
			defaultConfigurationName = Release;
		};
/* End XCConfigurationList section */
	};
	rootObject = 93E3E2D727DB7C550007B3B5 /* Project object */;
}
